
Microsoft Visual Studio Solution File, Format Version 12.00
# Visual Studio Version 17
VisualStudioVersion = 17.2.32516.85
MinimumVisualStudioVersion = 10.0.40219.1
Project("{FAE04EC0-301F-11D3-BF4B-00C04F79EFBC}") = "Project_blackjack", "Project_blackjack\Project_blackjack.csproj", "{9BFBFE6F-A1F6-4553-9E6E-E1BCCF6A0295}"
EndProject
Global
	GlobalSection(SolutionConfigurationPlatforms) = preSolution
		Debug|Any CPU = Debug|Any CPU
		Release|Any CPU = Release|Any CPU
	EndGlobalSection
	GlobalSection(ProjectConfigurationPlatforms) = postSolution
		{9BFBFE6F-A1F6-4553-9E6E-E1BCCF6A0295}.Debug|Any CPU.ActiveCfg = Debug|Any CPU
		{9BFBFE6F-A1F6-4553-9E6E-E1BCCF6A0295}.Debug|Any CPU.Build.0 = Debug|Any CPU
		{9BFBFE6F-A1F6-4553-9E6E-E1BCCF6A0295}.Release|Any CPU.ActiveCfg = Release|Any CPU
		{9BFBFE6F-A1F6-4553-9E6E-E1BCCF6A0295}.Release|Any CPU.Build.0 = Release|Any CPU
	EndGlobalSection
	GlobalSection(SolutionProperties) = preSolution
		HideSolutionNode = FALSE
	EndGlobalSection
	GlobalSection(ExtensibilityGlobals) = postSolution
		SolutionGuid = {A7AD5BCC-1228-403F-8153-52297B7867DE}
	EndGlobalSection
EndGlobal
